// !$*UTF8*$!
{
	archiveVersion = 1;
	classes = {
	};
	objectVersion = 56;
	objects = {

/* Begin PBXBuildFile section */
		E242B2B52C4301A10017D5DC /* lensApp.swift in Sources */ = {isa = PBXBuildFile; fileRef = E242B2B42C4301A10017D5DC /* lensApp.swift */; };
		E242B2B72C4301A10017D5DC /* ContactLensCardView.swift in Sources */ = {isa = PBXBuildFile; fileRef = E242B2B62C4301A10017D5DC /* ContactLensCardView.swift */; };
		E242B2B92C4301A20017D5DC /* Assets.xcassets in Resources */ = {isa = PBXBuildFile; fileRef = E242B2B82C4301A20017D5DC /* Assets.xcassets */; };
		E242B2BC2C4301A20017D5DC /* Preview Assets.xcassets in Resources */ = {isa = PBXBuildFile; fileRef = E242B2BB2C4301A20017D5DC /* Preview Assets.xcassets */; };
		E242B2C32C4303C70017D5DC /* ContactLens.swift in Sources */ = {isa = PBXBuildFile; fileRef = E242B2C22C4303C70017D5DC /* ContactLens.swift */; };
		E27BD87A2C701D5700736010 /* ManageLensView.swift in Sources */ = {isa = PBXBuildFile; fileRef = E27BD8792C701D5700736010 /* ManageLensView.swift */; };
		E2821BD42C6FF4300000964E /* LensListPage.swift in Sources */ = {isa = PBXBuildFile; fileRef = E2821BD32C6FF4300000964E /* LensListPage.swift */; };
/* End PBXBuildFile section */

/* Begin PBXFileReference section */
		E242B2B12C4301A10017D5DC /* lens.app */ = {isa = PBXFileReference; explicitFileType = wrapper.application; includeInIndex = 0; path = lens.app; sourceTree = BUILT_PRODUCTS_DIR; };
		E242B2B42C4301A10017D5DC /* lensApp.swift */ = {isa = PBXFileReference; lastKnownFileType = sourcecode.swift; path = lensApp.swift; sourceTree = "<group>"; };
		E242B2B62C4301A10017D5DC /* ContactLensCardView.swift */ = {isa = PBXFileReference; lastKnownFileType = sourcecode.swift; path = ContactLensCardView.swift; sourceTree = "<group>"; };
		E242B2B82C4301A20017D5DC /* Assets.xcassets */ = {isa = PBXFileReference; lastKnownFileType = folder.assetcatalog; path = Assets.xcassets; sourceTree = "<group>"; };
		E242B2BB2C4301A20017D5DC /* Preview Assets.xcassets */ = {isa = PBXFileReference; lastKnownFileType = folder.assetcatalog; path = "Preview Assets.xcassets"; sourceTree = "<group>"; };
		E242B2C22C4303C70017D5DC /* ContactLens.swift */ = {isa = PBXFileReference; lastKnownFileType = sourcecode.swift; path = ContactLens.swift; sourceTree = "<group>"; };
		E27BD8792C701D5700736010 /* ManageLensView.swift */ = {isa = PBXFileReference; lastKnownFileType = sourcecode.swift; path = ManageLensView.swift; sourceTree = "<group>"; };
		E2821BD32C6FF4300000964E /* LensListPage.swift */ = {isa = PBXFileReference; lastKnownFileType = sourcecode.swift; path = LensListPage.swift; sourceTree = "<group>"; };
/* End PBXFileReference section */

/* Begin PBXFrameworksBuildPhase section */
		E242B2AE2C4301A10017D5DC /* Frameworks */ = {
			isa = PBXFrameworksBuildPhase;
			buildActionMask = 2147483647;
			files = (
			);
			runOnlyForDeploymentPostprocessing = 0;
		};
/* End PBXFrameworksBuildPhase section */

/* Begin PBXGroup section */
		E242B2A82C4301A10017D5DC = {
			isa = PBXGroup;
			children = (
				E242B2B32C4301A10017D5DC /* lens */,
				E242B2B22C4301A10017D5DC /* Products */,
			);
			sourceTree = "<group>";
		};
		E242B2B22C4301A10017D5DC /* Products */ = {
			isa = PBXGroup;
			children = (
				E242B2B12C4301A10017D5DC /* lens.app */,
			);
			name = Products;
			sourceTree = "<group>";
		};
		E242B2B32C4301A10017D5DC /* lens */ = {
			isa = PBXGroup;
			children = (
				E242B2B42C4301A10017D5DC /* lensApp.swift */,
				E242B2B62C4301A10017D5DC /* ContactLensCardView.swift */,
				E2821BD32C6FF4300000964E /* LensListPage.swift */,
				E27BD8792C701D5700736010 /* ManageLensView.swift */,
				E242B2C22C4303C70017D5DC /* ContactLens.swift */,
				E242B2B82C4301A20017D5DC /* Assets.xcassets */,
				E242B2BA2C4301A20017D5DC /* Preview Content */,
			);
			path = lens;
			sourceTree = "<group>";
		};
		E242B2BA2C4301A20017D5DC /* Preview Content */ = {
			isa = PBXGroup;
			children = (
				E242B2BB2C4301A20017D5DC /* Preview Assets.xcassets */,
			);
			path = "Preview Content";
			sourceTree = "<group>";
		};
/* End PBXGroup section */

/* Begin PBXNativeTarget section */
		E242B2B02C4301A10017D5DC /* lens */ = {
			isa = PBXNativeTarget;
			buildConfigurationList = E242B2BF2C4301A20017D5DC /* Build configuration list for PBXNativeTarget "lens" */;
			buildPhases = (
				E242B2AD2C4301A10017D5DC /* Sources */,
				E242B2AE2C4301A10017D5DC /* Frameworks */,
				E242B2AF2C4301A10017D5DC /* Resources */,
			);
			buildRules = (
			);
			dependencies = (
			);
			name = lens;
			productName = lens;
			productReference = E242B2B12C4301A10017D5DC /* lens.app */;
			productType = "com.apple.product-type.application";
		};
/* End PBXNativeTarget section */

/* Begin PBXProject section */
		E242B2A92C4301A10017D5DC /* Project object */ = {
			isa = PBXProject;
			attributes = {
				BuildIndependentTargetsInParallel = 1;
				LastSwiftUpdateCheck = 1540;
				LastUpgradeCheck = 1540;
				TargetAttributes = {
					E242B2B02C4301A10017D5DC = {
						CreatedOnToolsVersion = 15.4;
					};
				};
			};
			buildConfigurationList = E242B2AC2C4301A10017D5DC /* Build configuration list for PBXProject "lens" */;
			compatibilityVersion = "Xcode 14.0";
			developmentRegion = en;
			hasScannedForEncodings = 0;
			knownRegions = (
				en,
				Base,
			);
			mainGroup = E242B2A82C4301A10017D5DC;
			productRefGroup = E242B2B22C4301A10017D5DC /* Products */;
			projectDirPath = "";
			projectRoot = "";
			targets = (
				E242B2B02C4301A10017D5DC /* lens */,
			);
		};
/* End PBXProject section */

/* Begin PBXResourcesBuildPhase section */
		E242B2AF2C4301A10017D5DC /* Resources */ = {
			isa = PBXResourcesBuildPhase;
			buildActionMask = 2147483647;
			files = (
				E242B2BC2C4301A20017D5DC /* Preview Assets.xcassets in Resources */,
				E242B2B92C4301A20017D5DC /* Assets.xcassets in Resources */,
			);
			runOnlyForDeploymentPostprocessing = 0;
		};
/* End PBXResourcesBuildPhase section */

/* Begin PBXSourcesBuildPhase section */
		E242B2AD2C4301A10017D5DC /* Sources */ = {
			isa = PBXSourcesBuildPhase;
			buildActionMask = 2147483647;
			files = (
				E2821BD42C6FF4300000964E /* LensListPage.swift in Sources */,
				E242B2B72C4301A10017D5DC /* ContactLensCardView.swift in Sources */,
				E27BD87A2C701D5700736010 /* ManageLensView.swift in Sources */,
				E242B2B52C4301A10017D5DC /* lensApp.swift in Sources */,
				E242B2C32C4303C70017D5DC /* ContactLens.swift in Sources */,
			);
			runOnlyForDeploymentPostprocessing = 0;
		};
/* End PBXSourcesBuildPhase section */

/* Begin XCBuildConfiguration section */
		E242B2BD2C4301A20017D5DC /* Debug */ = {
			isa = XCBuildConfiguration;
			buildSettings = {
				ALWAYS_SEARCH_USER_PATHS = NO;
				ASSETCATALOG_COMPILER_GENERATE_SWIFT_ASSET_SYMBOL_EXTENSIONS = YES;
				CLANG_ANALYZER_NONNULL = YES;
				CLANG_ANALYZER_NUMBER_OBJECT_CONVERSION = YES_AGGRESSIVE;
				CLANG_CXX_LANGUAGE_STANDARD = "gnu++20";
				CLANG_ENABLE_MODULES = YES;
				CLANG_ENABLE_OBJC_ARC = YES;
				CLANG_ENABLE_OBJC_WEAK = YES;
				CLANG_WARN_BLOCK_CAPTURE_AUTORELEASING = YES;
				CLANG_WARN_BOOL_CONVERSION = YES;
				CLANG_WARN_COMMA = YES;
				CLANG_WARN_CONSTANT_CONVERSION = YES;
				CLANG_WARN_DEPRECATED_OBJC_IMPLEMENTATIONS = YES;
				CLANG_WARN_DIRECT_OBJC_ISA_USAGE = YES_ERROR;
				CLANG_WARN_DOCUMENTATION_COMMENTS = YES;
				CLANG_WARN_EMPTY_BODY = YES;
				CLANG_WARN_ENUM_CONVERSION = YES;
				CLANG_WARN_INFINITE_RECURSION = YES;
				CLANG_WARN_INT_CONVERSION = YES;
				CLANG_WARN_NON_LITERAL_NULL_CONVERSION = YES;
				CLANG_WARN_OBJC_IMPLICIT_RETAIN_SELF = YES;
				CLANG_WARN_OBJC_LITERAL_CONVERSION = YES;
				CLANG_WARN_OBJC_ROOT_CLASS = YES_ERROR;
				CLANG_WARN_QUOTED_INCLUDE_IN_FRAMEWORK_HEADER = YES;
				CLANG_WARN_RANGE_LOOP_ANALYSIS = YES;
				CLANG_WARN_STRICT_PROTOTYPES = YES;
				CLANG_WARN_SUSPICIOUS_MOVE = YES;
				CLANG_WARN_UNGUARDED_AVAILABILITY = YES_AGGRESSIVE;
				CLANG_WARN_UNREACHABLE_CODE = YES;
				CLANG_WARN__DUPLICATE_METHOD_MATCH = YES;
				COPY_PHASE_STRIP = NO;
				DEBUG_INFORMATION_FORMAT = dwarf;
				ENABLE_STRICT_OBJC_MSGSEND = YES;
				ENABLE_TESTABILITY = YES;
				ENABLE_USER_SCRIPT_SANDBOXING = YES;
				GCC_C_LANGUAGE_STANDARD = gnu17;
				GCC_DYNAMIC_NO_PIC = NO;
				GCC_NO_COMMON_BLOCKS = YES;
				GCC_OPTIMIZATION_LEVEL = 0;
				GCC_PREPROCESSOR_DEFINITIONS = (
					"DEBUG=1",
					"$(inherited)",
				);
				GCC_WARN_64_TO_32_BIT_CONVERSION = YES;
				GCC_WARN_ABOUT_RETURN_TYPE = YES_ERROR;
				GCC_WARN_UNDECLARED_SELECTOR = YES;
				GCC_WARN_UNINITIALIZED_AUTOS = YES_AGGRESSIVE;
				GCC_WARN_UNUSED_FUNCTION = YES;
				GCC_WARN_UNUSED_VARIABLE = YES;
				IPHONEOS_DEPLOYMENT_TARGET = 17.5;
				LOCALIZATION_PREFERS_STRING_CATALOGS = YES;
				MTL_ENABLE_DEBUG_INFO = INCLUDE_SOURCE;
				MTL_FAST_MATH = YES;
				ONLY_ACTIVE_ARCH = YES;
				SDKROOT = iphoneos;
				SWIFT_ACTIVE_COMPILATION_CONDITIONS = "DEBUG $(inherited)";
				SWIFT_OPTIMIZATION_LEVEL = "-Onone";
			};
			name = Debug;
		};
		E242B2BE2C4301A20017D5DC /* Release */ = {
			isa = XCBuildConfiguration;
			buildSettings = {
				ALWAYS_SEARCH_USER_PATHS = NO;
				ASSETCATALOG_COMPILER_GENERATE_SWIFT_ASSET_SYMBOL_EXTENSIONS = YES;
				CLANG_ANALYZER_NONNULL = YES;
				CLANG_ANALYZER_NUMBER_OBJECT_CONVERSION = YES_AGGRESSIVE;
				CLANG_CXX_LANGUAGE_STANDARD = "gnu++20";
				CLANG_ENABLE_MODULES = YES;
				CLANG_ENABLE_OBJC_ARC = YES;
				CLANG_ENABLE_OBJC_WEAK = YES;
				CLANG_WARN_BLOCK_CAPTURE_AUTORELEASING = YES;
				CLANG_WARN_BOOL_CONVERSION = YES;
				CLANG_WARN_COMMA = YES;
				CLANG_WARN_CONSTANT_CONVERSION = YES;
				CLANG_WARN_DEPRECATED_OBJC_IMPLEMENTATIONS = YES;
				CLANG_WARN_DIRECT_OBJC_ISA_USAGE = YES_ERROR;
				CLANG_WARN_DOCUMENTATION_COMMENTS = YES;
				CLANG_WARN_EMPTY_BODY = YES;
				CLANG_WARN_ENUM_CONVERSION = YES;
				CLANG_WARN_INFINITE_RECURSION = YES;
				CLANG_WARN_INT_CONVERSION = YES;
				CLANG_WARN_NON_LITERAL_NULL_CONVERSION = YES;
				CLANG_WARN_OBJC_IMPLICIT_RETAIN_SELF = YES;
				CLANG_WARN_OBJC_LITERAL_CONVERSION = YES;
				CLANG_WARN_OBJC_ROOT_CLASS = YES_ERROR;
				CLANG_WARN_QUOTED_INCLUDE_IN_FRAMEWORK_HEADER = YES;
				CLANG_WARN_RANGE_LOOP_ANALYSIS = YES;
				CLANG_WARN_STRICT_PROTOTYPES = YES;
				CLANG_WARN_SUSPICIOUS_MOVE = YES;
				CLANG_WARN_UNGUARDED_AVAILABILITY = YES_AGGRESSIVE;
				CLANG_WARN_UNREACHABLE_CODE = YES;
				CLANG_WARN__DUPLICATE_METHOD_MATCH = YES;
				COPY_PHASE_STRIP = NO;
				DEBUG_INFORMATION_FORMAT = "dwarf-with-dsym";
				ENABLE_NS_ASSERTIONS = NO;
				ENABLE_STRICT_OBJC_MSGSEND = YES;
				ENABLE_USER_SCRIPT_SANDBOXING = YES;
				GCC_C_LANGUAGE_STANDARD = gnu17;
				GCC_NO_COMMON_BLOCKS = YES;
				GCC_WARN_64_TO_32_BIT_CONVERSION = YES;
				GCC_WARN_ABOUT_RETURN_TYPE = YES_ERROR;
				GCC_WARN_UNDECLARED_SELECTOR = YES;
				GCC_WARN_UNINITIALIZED_AUTOS = YES_AGGRESSIVE;
				GCC_WARN_UNUSED_FUNCTION = YES;
				GCC_WARN_UNUSED_VARIABLE = YES;
				IPHONEOS_DEPLOYMENT_TARGET = 17.5;
				LOCALIZATION_PREFERS_STRING_CATALOGS = YES;
				MTL_ENABLE_DEBUG_INFO = NO;
				MTL_FAST_MATH = YES;
				SDKROOT = iphoneos;
				SWIFT_COMPILATION_MODE = wholemodule;
				VALIDATE_PRODUCT = YES;
			};
			name = Release;
		};
		E242B2C02C4301A20017D5DC /* Debug */ = {
			isa = XCBuildConfiguration;
			buildSettings = {
				ASSETCATALOG_COMPILER_APPICON_NAME = AppIcon;
				ASSETCATALOG_COMPILER_GLOBAL_ACCENT_COLOR_NAME = AccentColor;
				CODE_SIGN_STYLE = Automatic;
				CURRENT_PROJECT_VERSION = 1;
				DEVELOPMENT_ASSET_PATHS = "\"lens/Preview Content\"";
				DEVELOPMENT_TEAM = JQ8UC2KVLJ;
				ENABLE_PREVIEWS = YES;
				GENERATE_INFOPLIST_FILE = YES;
				INFOPLIST_KEY_UIApplicationSceneManifest_Generation = YES;
				INFOPLIST_KEY_UIApplicationSupportsIndirectInputEvents = YES;
				INFOPLIST_KEY_UILaunchScreen_Generation = YES;
				INFOPLIST_KEY_UISupportedInterfaceOrientations_iPad = "UIInterfaceOrientationPortrait UIInterfaceOrientationPortraitUpsideDown UIInterfaceOrientationLandscapeLeft UIInterfaceOrientationLandscapeRight";
				INFOPLIST_KEY_UISupportedInterfaceOrientations_iPhone = "UIInterfaceOrientationPortrait UIInterfaceOrientationLandscapeLeft UIInterfaceOrientationLandscapeRight";
				LD_RUNPATH_SEARCH_PATHS = (
					"$(inherited)",
					"@executable_path/Frameworks",
				);
				MARKETING_VERSION = 1.0;
				PRODUCT_BUNDLE_IDENTIFIER = io.cptharris.lens;
				PRODUCT_NAME = "$(TARGET_NAME)";
				SWIFT_EMIT_LOC_STRINGS = YES;
				SWIFT_VERSION = 5.0;
				TARGETED_DEVICE_FAMILY = "1,2";
			};
			name = Debug;
		};
		E242B2C12C4301A20017D5DC /* Release */ = {
			isa = XCBuildConfiguration;
			buildSettings = {
				ASSETCATALOG_COMPILER_APPICON_NAME = AppIcon;
				ASSETCATALOG_COMPILER_GLOBAL_ACCENT_COLOR_NAME = AccentColor;
				CODE_SIGN_STYLE = Automatic;
				CURRENT_PROJECT_VERSION = 1;
				DEVELOPMENT_ASSET_PATHS = "\"lens/Preview Content\"";
				DEVELOPMENT_TEAM = JQ8UC2KVLJ;
				ENABLE_PREVIEWS = YES;
				GENERATE_INFOPLIST_FILE = YES;
				INFOPLIST_KEY_UIApplicationSceneManifest_Generation = YES;
				INFOPLIST_KEY_UIApplicationSupportsIndirectInputEvents = YES;
				INFOPLIST_KEY_UILaunchScreen_Generation = YES;
				INFOPLIST_KEY_UISupportedInterfaceOrientations_iPad = "UIInterfaceOrientationPortrait UIInterfaceOrientationPortraitUpsideDown UIInterfaceOrientationLandscapeLeft UIInterfaceOrientationLandscapeRight";
				INFOPLIST_KEY_UISupportedInterfaceOrientations_iPhone = "UIInterfaceOrientationPortrait UIInterfaceOrientationLandscapeLeft UIInterfaceOrientationLandscapeRight";
				LD_RUNPATH_SEARCH_PATHS = (
					"$(inherited)",
					"@executable_path/Frameworks",
				);
				MARKETING_VERSION = 1.0;
				PRODUCT_BUNDLE_IDENTIFIER = io.cptharris.lens;
				PRODUCT_NAME = "$(TARGET_NAME)";
				SWIFT_EMIT_LOC_STRINGS = YES;
				SWIFT_VERSION = 5.0;
				TARGETED_DEVICE_FAMILY = "1,2";
			};
			name = Release;
		};
/* End XCBuildConfiguration section */

/* Begin XCConfigurationList section */
		E242B2AC2C4301A10017D5DC /* Build configuration list for PBXProject "lens" */ = {
			isa = XCConfigurationList;
			buildConfigurations = (
				E242B2BD2C4301A20017D5DC /* Debug */,
				E242B2BE2C4301A20017D5DC /* Release */,
			);
			defaultConfigurationIsVisible = 0;
			defaultConfigurationName = Release;
		};
		E242B2BF2C4301A20017D5DC /* Build configuration list for PBXNativeTarget "lens" */ = {
			isa = XCConfigurationList;
			buildConfigurations = (
				E242B2C02C4301A20017D5DC /* Debug */,
				E242B2C12C4301A20017D5DC /* Release */,
			);
			defaultConfigurationIsVisible = 0;
			defaultConfigurationName = Release;
		};
/* End XCConfigurationList section */
	};
	rootObject = E242B2A92C4301A10017D5DC /* Project object */;
}
